
Microsoft Visual Studio Solution File, Format Version 12.00
# Visual Studio 14
VisualStudioVersion = 14.0.25123.0
MinimumVisualStudioVersion = 10.0.40219.1
Project("{FAE04EC0-301F-11D3-BF4B-00C04F79EFBC}") = "PublicAccess", "PublicAccess\PublicAccess.csproj", "{1DF6E940-5592-4891-A70F-6A4BEBE1AA7C}"
EndProject
Project("{FAE04EC0-301F-11D3-BF4B-00C04F79EFBC}") = "PublicAccess.Tests", "PublicAccess.Tests\PublicAccess.Tests.csproj", "{A5A81220-725E-4454-AF72-42F9AAFE8027}"
EndProject
Global
	GlobalSection(SolutionConfigurationPlatforms) = preSolution
		Debug|Any CPU = Debug|Any CPU
		Release|Any CPU = Release|Any CPU
	EndGlobalSection
	GlobalSection(ProjectConfigurationPlatforms) = postSolution
		{1DF6E940-5592-4891-A70F-6A4BEBE1AA7C}.Debug|Any CPU.ActiveCfg = Debug|Any CPU
		{1DF6E940-5592-4891-A70F-6A4BEBE1AA7C}.Debug|Any CPU.Build.0 = Debug|Any CPU
		{1DF6E940-5592-4891-A70F-6A4BEBE1AA7C}.Release|Any CPU.ActiveCfg = Release|Any CPU
		{1DF6E940-5592-4891-A70F-6A4BEBE1AA7C}.Release|Any CPU.Build.0 = Release|Any CPU
		{A5A81220-725E-4454-AF72-42F9AAFE8027}.Debug|Any CPU.ActiveCfg = Debug|Any CPU
		{A5A81220-725E-4454-AF72-42F9AAFE8027}.Debug|Any CPU.Build.0 = Debug|Any CPU
		{A5A81220-725E-4454-AF72-42F9AAFE8027}.Release|Any CPU.ActiveCfg = Release|Any CPU
		{A5A81220-725E-4454-AF72-42F9AAFE8027}.Release|Any CPU.Build.0 = Release|Any CPU
	EndGlobalSection
	GlobalSection(SolutionProperties) = preSolution
		HideSolutionNode = FALSE
	EndGlobalSection
EndGlobal
